
Microsoft Visual Studio Solution File, Format Version 12.00
# Visual Studio 14
VisualStudioVersion = 14.0.25420.1
MinimumVisualStudioVersion = 10.0.40219.1
Project("{FAE04EC0-301F-11D3-BF4B-00C04F79EFBC}") = "WebSite", "WebSite\WebSite.csproj", "{DC97C27F-3F2F-43C5-B7C7-AC73B92D369D}"
EndProject
Project("{FAE04EC0-301F-11D3-BF4B-00C04F79EFBC}") = "Modelo", "Modelo\Modelo.csproj", "{D39D39DF-E8E0-4163-A879-FE6483163D7F}"
EndProject
Project("{FAE04EC0-301F-11D3-BF4B-00C04F79EFBC}") = "Datos", "Datos\Datos.csproj", "{BB63F7AD-C183-4783-866E-8FD90C825E3B}"
EndProject
Project("{FAE04EC0-301F-11D3-BF4B-00C04F79EFBC}") = "Negocios", "Negocios\Negocios.csproj", "{01DFC298-E715-4EFF-9BE0-3B0ED9521F37}"
EndProject
Project("{FAE04EC0-301F-11D3-BF4B-00C04F79EFBC}") = "Utiles", "Utiles\Utiles.csproj", "{A2ACF83E-8085-492E-ADD6-77613E9FC072}"
EndProject
Global
	GlobalSection(SolutionConfigurationPlatforms) = preSolution
		Debug|Any CPU = Debug|Any CPU
		Release|Any CPU = Release|Any CPU
	EndGlobalSection
	GlobalSection(ProjectConfigurationPlatforms) = postSolution
		{DC97C27F-3F2F-43C5-B7C7-AC73B92D369D}.Debug|Any CPU.ActiveCfg = Debug|Any CPU
		{DC97C27F-3F2F-43C5-B7C7-AC73B92D369D}.Debug|Any CPU.Build.0 = Debug|Any CPU
		{DC97C27F-3F2F-43C5-B7C7-AC73B92D369D}.Release|Any CPU.ActiveCfg = Release|Any CPU
		{DC97C27F-3F2F-43C5-B7C7-AC73B92D369D}.Release|Any CPU.Build.0 = Release|Any CPU
		{D39D39DF-E8E0-4163-A879-FE6483163D7F}.Debug|Any CPU.ActiveCfg = Debug|Any CPU
		{D39D39DF-E8E0-4163-A879-FE6483163D7F}.Debug|Any CPU.Build.0 = Debug|Any CPU
		{D39D39DF-E8E0-4163-A879-FE6483163D7F}.Release|Any CPU.ActiveCfg = Release|Any CPU
		{D39D39DF-E8E0-4163-A879-FE6483163D7F}.Release|Any CPU.Build.0 = Release|Any CPU
		{BB63F7AD-C183-4783-866E-8FD90C825E3B}.Debug|Any CPU.ActiveCfg = Debug|Any CPU
		{BB63F7AD-C183-4783-866E-8FD90C825E3B}.Debug|Any CPU.Build.0 = Debug|Any CPU
		{BB63F7AD-C183-4783-866E-8FD90C825E3B}.Release|Any CPU.ActiveCfg = Release|Any CPU
		{BB63F7AD-C183-4783-866E-8FD90C825E3B}.Release|Any CPU.Build.0 = Release|Any CPU
		{01DFC298-E715-4EFF-9BE0-3B0ED9521F37}.Debug|Any CPU.ActiveCfg = Debug|Any CPU
		{01DFC298-E715-4EFF-9BE0-3B0ED9521F37}.Debug|Any CPU.Build.0 = Debug|Any CPU
		{01DFC298-E715-4EFF-9BE0-3B0ED9521F37}.Release|Any CPU.ActiveCfg = Release|Any CPU
		{01DFC298-E715-4EFF-9BE0-3B0ED9521F37}.Release|Any CPU.Build.0 = Release|Any CPU
		{A2ACF83E-8085-492E-ADD6-77613E9FC072}.Debug|Any CPU.ActiveCfg = Debug|Any CPU
		{A2ACF83E-8085-492E-ADD6-77613E9FC072}.Debug|Any CPU.Build.0 = Debug|Any CPU
		{A2ACF83E-8085-492E-ADD6-77613E9FC072}.Release|Any CPU.ActiveCfg = Release|Any CPU
		{A2ACF83E-8085-492E-ADD6-77613E9FC072}.Release|Any CPU.Build.0 = Release|Any CPU
	EndGlobalSection
	GlobalSection(SolutionProperties) = preSolution
		HideSolutionNode = FALSE
	EndGlobalSection
EndGlobal
